
Microsoft Visual Studio Solution File, Format Version 12.00
# Visual Studio 15
Project("{FAE04EC0-301F-11D3-BF4B-00C04F79EFBC}") = "ScribblePics.Android", "ScribblePics.Android\ScribblePics.Android.csproj", "{7B6EB903-197E-4A35-844B-C7936829E3DC}"
EndProject
Project("{FAE04EC0-301F-11D3-BF4B-00C04F79EFBC}") = "ScribblePics.iOS", "ScribblePics.iOS\ScribblePics.iOS.csproj", "{6273AD2A-C3F2-4E03-B33B-86009F204C82}"
EndProject
Project("{FAE04EC0-301F-11D3-BF4B-00C04F79EFBC}") = "ScribblePics", "ScribblePics\ScribblePics.csproj", "{51002E63-ABF0-4B40-8508-8508F0DA90D4}"
EndProject
Global
	GlobalSection(SolutionConfigurationPlatforms) = preSolution
		Debug|Any CPU = Debug|Any CPU
		Release|Any CPU = Release|Any CPU
		Debug|iPhoneSimulator = Debug|iPhoneSimulator
		Release|iPhoneSimulator = Release|iPhoneSimulator
		Debug|iPhone = Debug|iPhone
		Release|iPhone = Release|iPhone
	EndGlobalSection
	GlobalSection(ProjectConfigurationPlatforms) = postSolution
		{7B6EB903-197E-4A35-844B-C7936829E3DC}.Debug|Any CPU.ActiveCfg = Debug|Any CPU
		{7B6EB903-197E-4A35-844B-C7936829E3DC}.Debug|Any CPU.Build.0 = Debug|Any CPU
		{7B6EB903-197E-4A35-844B-C7936829E3DC}.Release|Any CPU.ActiveCfg = Release|Any CPU
		{7B6EB903-197E-4A35-844B-C7936829E3DC}.Release|Any CPU.Build.0 = Release|Any CPU
		{7B6EB903-197E-4A35-844B-C7936829E3DC}.Debug|iPhoneSimulator.ActiveCfg = Debug|Any CPU
		{7B6EB903-197E-4A35-844B-C7936829E3DC}.Debug|iPhoneSimulator.Build.0 = Debug|Any CPU
		{7B6EB903-197E-4A35-844B-C7936829E3DC}.Release|iPhoneSimulator.ActiveCfg = Release|Any CPU
		{7B6EB903-197E-4A35-844B-C7936829E3DC}.Release|iPhoneSimulator.Build.0 = Release|Any CPU
		{7B6EB903-197E-4A35-844B-C7936829E3DC}.Debug|iPhone.ActiveCfg = Debug|Any CPU
		{7B6EB903-197E-4A35-844B-C7936829E3DC}.Debug|iPhone.Build.0 = Debug|Any CPU
		{7B6EB903-197E-4A35-844B-C7936829E3DC}.Release|iPhone.ActiveCfg = Release|Any CPU
		{7B6EB903-197E-4A35-844B-C7936829E3DC}.Release|iPhone.Build.0 = Release|Any CPU
		{6273AD2A-C3F2-4E03-B33B-86009F204C82}.Debug|Any CPU.ActiveCfg = Debug|iPhoneSimulator
		{6273AD2A-C3F2-4E03-B33B-86009F204C82}.Debug|Any CPU.Build.0 = Debug|iPhoneSimulator
		{6273AD2A-C3F2-4E03-B33B-86009F204C82}.Release|Any CPU.ActiveCfg = Release|iPhoneSimulator
		{6273AD2A-C3F2-4E03-B33B-86009F204C82}.Release|Any CPU.Build.0 = Release|iPhoneSimulator
		{6273AD2A-C3F2-4E03-B33B-86009F204C82}.Debug|iPhoneSimulator.ActiveCfg = Debug|iPhoneSimulator
		{6273AD2A-C3F2-4E03-B33B-86009F204C82}.Debug|iPhoneSimulator.Build.0 = Debug|iPhoneSimulator
		{6273AD2A-C3F2-4E03-B33B-86009F204C82}.Release|iPhoneSimulator.ActiveCfg = Release|iPhoneSimulator
		{6273AD2A-C3F2-4E03-B33B-86009F204C82}.Release|iPhoneSimulator.Build.0 = Release|iPhoneSimulator
		{6273AD2A-C3F2-4E03-B33B-86009F204C82}.Debug|iPhone.ActiveCfg = Debug|iPhone
		{6273AD2A-C3F2-4E03-B33B-86009F204C82}.Debug|iPhone.Build.0 = Debug|iPhone
		{6273AD2A-C3F2-4E03-B33B-86009F204C82}.Release|iPhone.ActiveCfg = Release|iPhone
		{6273AD2A-C3F2-4E03-B33B-86009F204C82}.Release|iPhone.Build.0 = Release|iPhone
		{51002E63-ABF0-4B40-8508-8508F0DA90D4}.Debug|Any CPU.ActiveCfg = Debug|Any CPU
		{51002E63-ABF0-4B40-8508-8508F0DA90D4}.Debug|Any CPU.Build.0 = Debug|Any CPU
		{51002E63-ABF0-4B40-8508-8508F0DA90D4}.Release|Any CPU.ActiveCfg = Release|Any CPU
		{51002E63-ABF0-4B40-8508-8508F0DA90D4}.Release|Any CPU.Build.0 = Release|Any CPU
		{51002E63-ABF0-4B40-8508-8508F0DA90D4}.Debug|iPhoneSimulator.ActiveCfg = Debug|Any CPU
		{51002E63-ABF0-4B40-8508-8508F0DA90D4}.Debug|iPhoneSimulator.Build.0 = Debug|Any CPU
		{51002E63-ABF0-4B40-8508-8508F0DA90D4}.Release|iPhoneSimulator.ActiveCfg = Release|Any CPU
		{51002E63-ABF0-4B40-8508-8508F0DA90D4}.Release|iPhoneSimulator.Build.0 = Release|Any CPU
		{51002E63-ABF0-4B40-8508-8508F0DA90D4}.Debug|iPhone.ActiveCfg = Debug|Any CPU
		{51002E63-ABF0-4B40-8508-8508F0DA90D4}.Debug|iPhone.Build.0 = Debug|Any CPU
		{51002E63-ABF0-4B40-8508-8508F0DA90D4}.Release|iPhone.ActiveCfg = Release|Any CPU
		{51002E63-ABF0-4B40-8508-8508F0DA90D4}.Release|iPhone.Build.0 = Release|Any CPU
	EndGlobalSection
EndGlobal
